
Microsoft Visual Studio Solution File, Format Version 12.00
# Visual Studio Version 16
VisualStudioVersion = 16.0.30621.155
MinimumVisualStudioVersion = 10.0.40219.1
Project("{FAE04EC0-301F-11D3-BF4B-00C04F79EFBC}") = "Solution", "Solution\Solution.csproj", "{2DC332AF-BDD0-4B84-A12B-13EBE8E0215D}"
EndProject
Global
	GlobalSection(SolutionConfigurationPlatforms) = preSolution
		Debug|Any CPU = Debug|Any CPU
		Release|Any CPU = Release|Any CPU
	EndGlobalSection
	GlobalSection(ProjectConfigurationPlatforms) = postSolution
		{2DC332AF-BDD0-4B84-A12B-13EBE8E0215D}.Debug|Any CPU.ActiveCfg = Debug|Any CPU
		{2DC332AF-BDD0-4B84-A12B-13EBE8E0215D}.Debug|Any CPU.Build.0 = Debug|Any CPU
		{2DC332AF-BDD0-4B84-A12B-13EBE8E0215D}.Release|Any CPU.ActiveCfg = Release|Any CPU
		{2DC332AF-BDD0-4B84-A12B-13EBE8E0215D}.Release|Any CPU.Build.0 = Release|Any CPU
	EndGlobalSection
	GlobalSection(SolutionProperties) = preSolution
		HideSolutionNode = FALSE
	EndGlobalSection
	GlobalSection(ExtensibilityGlobals) = postSolution
		SolutionGuid = {33B2CF14-FB76-41EE-82FD-7010126B69B8}
	EndGlobalSection
EndGlobal
